# This file is generated by running "yarn install" inside your project.
# Manual changes might be lost - proceed with caution!

__metadata:
  version: 5
  cacheKey: 8

"@rupertofly/capture@workspace:.":
  version: 0.0.0-use.local
  resolution: "@rupertofly/capture@workspace:."
  dependencies:
    "@types/express": ^4.17.2
    "@types/socket.io": ^2.1.4
    "@types/yargs": ^13.0.4
    express: ^4.17.1
    socket.io: ^2.3.0
    yargs: ^15.1.0
  bin:
    rubyqcanvas: ./bin/rubyqcanvas
  languageName: unknown
  linkType: soft

"@types/body-parser@npm:*":
  version: 1.17.1
  resolution: "@types/body-parser@npm:1.17.1"
  dependencies:
    "@types/connect": "*"
    "@types/node": "*"
  checksum: c2d15cae9f40c81feab37ec9b6b3cd8e51a2490197c4037931d2bb33cc357ddc150c34a13ec3076d55a99a1ea74948fb70e1bcfbbf43a9f7aa415ee963250b93
  languageName: node
  linkType: hard

"@types/color-name@npm:^1.1.1":
  version: 1.1.1
  resolution: "@types/color-name@npm:1.1.1"
  checksum: b71fcad728cc68abcba1d405742134410c8f8eb3c2ef18113b047afca158ad23a4f2c229bcf71a38f4a818dead375c45b20db121d0e69259c2d81e97a740daa6
  languageName: node
  linkType: hard

"@types/connect@npm:*":
  version: 3.4.33
  resolution: "@types/connect@npm:3.4.33"
  dependencies:
    "@types/node": "*"
  checksum: 1220403e0cd05c6f51c03b83eed0f4e086f252d50c13279effd38d8bfea5cae82db012b134d31004cb8e4705f83d8ad62dddd71028baa190bf6f31c8d9ac916b
  languageName: node
  linkType: hard

"@types/express-serve-static-core@npm:*":
  version: 4.17.1
  resolution: "@types/express-serve-static-core@npm:4.17.1"
  dependencies:
    "@types/node": "*"
    "@types/range-parser": "*"
  checksum: 7bbdf7814ccdd125b94c8c16d21c2d05309691a52afe42d755521dec487ec93434380e002f3fcfb1642a5d820e329456912d4aedbaa66f1ddce308915e552b69
  languageName: node
  linkType: hard

"@types/express@npm:^4.17.2":
  version: 4.17.2
  resolution: "@types/express@npm:4.17.2"
  dependencies:
    "@types/body-parser": "*"
    "@types/express-serve-static-core": "*"
    "@types/serve-static": "*"
  checksum: db8e85f84f040014a35b10f3f2e1d39b0f7b16c46cbe012ff2fa7eea7d49bc2a90e81ab81f052fd76f1790c02bf3f940571c406106d29f278f3259486ecc9ee9
  languageName: node
  linkType: hard

"@types/mime@npm:*":
  version: 2.0.1
  resolution: "@types/mime@npm:2.0.1"
  checksum: 46211b631c8c70b33406198a43044689585137ab747a10d2dc6c55a15c2120087d7b9e9304910a747cd71bb90d1300e5fe779b286efb82b155a98e4f9e506d6c
  languageName: node
  linkType: hard

"@types/node@npm:*":
  version: 13.1.4
  resolution: "@types/node@npm:13.1.4"
  checksum: 23d419a0918d2aaee6e09e71a4b1a97b04272394da8622b977e0a64275cdadda906eab3eb69f25f93f26c9aeb93ed8b2dfcd23154c99e274ee49ce52e3f6082f
  languageName: node
  linkType: hard

"@types/range-parser@npm:*":
  version: 1.2.3
  resolution: "@types/range-parser@npm:1.2.3"
  checksum: a0a4218214d2c599e2128a8965e9183d1f0b8fc614def43a2183cf80534d10fcf86357c823c7907e779df0ab048fd1fa3818b4c8f0f6f99ba150a3f99df7d03d
  languageName: node
  linkType: hard

"@types/serve-static@npm:*":
  version: 1.13.3
  resolution: "@types/serve-static@npm:1.13.3"
  dependencies:
    "@types/express-serve-static-core": "*"
    "@types/mime": "*"
  checksum: 530a4673c2818c5b9b84e8b10b09950b21ab7fedc1d69abfebddb5bc902c9ba25f31f14fe90993205b1de8b4d57645160a915bf321d473946dadbaa98ba30d6c
  languageName: node
  linkType: hard

"@types/socket.io@npm:^2.1.4":
  version: 2.1.4
  resolution: "@types/socket.io@npm:2.1.4"
  dependencies:
    "@types/node": "*"
  checksum: 868b85dbc10a1d658a2b8c56e560a5b91d3a0a14724683a3d05afb78fa7cc208a622c138aaa36218ba6b31a484ac8f8a8452328a5d64d263fc89bac6f73f5812
  languageName: node
  linkType: hard

"@types/yargs-parser@npm:*":
  version: 13.1.0
  resolution: "@types/yargs-parser@npm:13.1.0"
  checksum: 03d18d03e1fcff805f24eaadcf8993f581118ff1b0f34bba587cb515da9544d2c018c8cfc9df5c8d9840ade8a2a7ae025db54bfac26261151ba560cec7557216
  languageName: node
  linkType: hard

"@types/yargs@npm:^13.0.4":
  version: 13.0.4
  resolution: "@types/yargs@npm:13.0.4"
  dependencies:
    "@types/yargs-parser": "*"
  checksum: 2700064d70fd88cf11c1b85be0de2b2b08cfcb9cf98847ca01386bd81b2122c0b4066169b05315a5a554b7b7a7504ef5ae073bd015cd8debe351ca6aac96da4a
  languageName: node
  linkType: hard

"accepts@npm:~1.3.4, accepts@npm:~1.3.7":
  version: 1.3.7
  resolution: "accepts@npm:1.3.7"
  dependencies:
    mime-types: ~2.1.24
    negotiator: 0.6.2
  checksum: 27fc8060ffc69481ff6719cd3ee06387d2b88381cb0ce626f087781bbd02201a645a9febc8e7e7333558354b33b1d2f922ad13560be4ec1b7ba9e76fc1c1241d
  languageName: node
  linkType: hard

"after@npm:0.8.2":
  version: 0.8.2
  resolution: "after@npm:0.8.2"
  checksum: 52ea9be2e97d764de256dfb3843d68cb180d2d464748010ea0d8079ee28190190080a53e4005a62adbf4337c2d613906db82f08c0091cccb8e817625ccf94c52
  languageName: node
  linkType: hard

"ansi-regex@npm:^5.0.0":
  version: 5.0.0
  resolution: "ansi-regex@npm:5.0.0"
  checksum: b1bb4e992a5d96327bb4f72eaba9f8047f1d808d273ad19d399e266bfcc7fb19a4d1a127a32f7bc61fe46f1a94a4d04ec4c424e3fbe184929aa866323d8ed4ce
  languageName: node
  linkType: hard

"ansi-styles@npm:^4.0.0":
  version: 4.2.1
  resolution: "ansi-styles@npm:4.2.1"
  dependencies:
    "@types/color-name": ^1.1.1
    color-convert: ^2.0.1
  checksum: 7c74dbc7ec912b9e45dacbfaa7e2513bea6aa24d5357a0cd3255e7f83ecfc62e1454c77ab150a8df60de700c83c17fbbf040e7c204b4b6fc7aa250c8afcb865f
  languageName: node
  linkType: hard

"array-flatten@npm:1.1.1":
  version: 1.1.1
  resolution: "array-flatten@npm:1.1.1"
  checksum: a9925bf3512d9dce202112965de90c222cd59a4fbfce68a0951d25d965cf44642931f40aac72309c41f12df19afa010ecadceb07cfff9ccc1621e99d89ab5f3b
  languageName: node
  linkType: hard

"arraybuffer.slice@npm:~0.0.7":
  version: 0.0.7
  resolution: "arraybuffer.slice@npm:0.0.7"
  checksum: c6bacada71e8fe3e63c5f5ac5f23810e617faa1bcf33be21db43f40819edc7e186172d4a6fb8f1b9baea26689fc8da6ddeb78cefa2cc9723156c0247c3587118
  languageName: node
  linkType: hard

"async-limiter@npm:~1.0.0":
  version: 1.0.1
  resolution: "async-limiter@npm:1.0.1"
  checksum: 2b849695b465d93ad44c116220dee29a5aeb63adac16c1088983c339b0de57d76e82533e8e364a93a9f997f28bbfc6a92948cefc120652bd07f3b59f8d75cf2b
  languageName: node
  linkType: hard

"backo2@npm:1.0.2":
  version: 1.0.2
  resolution: "backo2@npm:1.0.2"
  checksum: fda8d0a0f4810068d23715f2f45153146d6ee8f62dd827ce1e0b6cc3c8328e84ad61e11399a83931705cef702fe7cbb457856bf99b9bd10c4ed57b0786252385
  languageName: node
  linkType: hard

"base64-arraybuffer@npm:0.1.5":
  version: 0.1.5
  resolution: "base64-arraybuffer@npm:0.1.5"
  checksum: 44588c1b4460faf59643cf3bcf346a7ede9df70d97aec6dbee4fbae15f6b6220d679b8db076771ea4ef5713dd710e7db7a4a3f81bbb04c71fb06764697d9a021
  languageName: node
  linkType: hard

"base64id@npm:2.0.0":
  version: 2.0.0
  resolution: "base64id@npm:2.0.0"
  checksum: 581b1d37e6cf3738b7ccdd4d14fe2bfc5c238e696e2720ee6c44c183b838655842e22034e53ffd783f872a539915c51b0d4728a49c7cc678ac5a758e00d62168
  languageName: node
  linkType: hard

"better-assert@npm:~1.0.0":
  version: 1.0.2
  resolution: "better-assert@npm:1.0.2"
  dependencies:
    callsite: 1.0.0
  checksum: c0ad56fb7449e2646f5b8da0b8e155ca69445ee5d61f2b0a673e634cc8850b4789bdd2dd61141b14bfc115a5f54d9af1965acdc40c5445ee6c8c5fe99fd1760c
  languageName: node
  linkType: hard

"blob@npm:0.0.5":
  version: 0.0.5
  resolution: "blob@npm:0.0.5"
  checksum: ca6a025f1108b7fd317fba0a0d64424f5cf47be6f4653ec8ba44777804a4e5c86c8d7a7e41f75fe52fd77c5bfc3479f68e017abe649a241c15c3fc07bfc59e7b
  languageName: node
  linkType: hard

"body-parser@npm:1.19.0":
  version: 1.19.0
  resolution: "body-parser@npm:1.19.0"
  dependencies:
    bytes: 3.1.0
    content-type: ~1.0.4
    debug: 2.6.9
    depd: ~1.1.2
    http-errors: 1.7.2
    iconv-lite: 0.4.24
    on-finished: ~2.3.0
    qs: 6.7.0
    raw-body: 2.4.0
    type-is: ~1.6.17
  checksum: 490231b4c89bbd43112762f7ba8e5342c174a6c9f64284a3b0fcabf63277e332f8316765596f1e5b15e4f3a6cf0422e005f4bb3149ed3a224bb025b7a36b9ac1
  languageName: node
  linkType: hard

"bytes@npm:3.1.0":
  version: 3.1.0
  resolution: "bytes@npm:3.1.0"
  checksum: 7c3b21c5d9d44ed455460d5d36a31abc6fa2ce3807964ba60a4b03fd44454c8cf07bb0585af83bfde1c5cc2ea4bbe5897bc3d18cd15e0acf25a3615a35aba2df
  languageName: node
  linkType: hard

"callsite@npm:1.0.0":
  version: 1.0.0
  resolution: "callsite@npm:1.0.0"
  checksum: 569686d622a288a4f0a827466c2f967b6d7a98f2ee1e6ada9dcf5a6802267a5e2a995d40f07113b5f95c7b2b2d5cbff4fdde590195f2a8bed24b829d048688f8
  languageName: node
  linkType: hard

"camelcase@npm:^5.0.0":
  version: 5.3.1
  resolution: "camelcase@npm:5.3.1"
  checksum: e6effce26b9404e3c0f301498184f243811c30dfe6d0b9051863bd8e4034d09c8c2923794f280d6827e5aa055f6c434115ff97864a16a963366fb35fd673024b
  languageName: node
  linkType: hard

"cliui@npm:^6.0.0":
  version: 6.0.0
  resolution: "cliui@npm:6.0.0"
  dependencies:
    string-width: ^4.2.0
    strip-ansi: ^6.0.0
    wrap-ansi: ^6.2.0
  checksum: 4fcfd26d292c9f00238117f39fc797608292ae36bac2168cfee4c85923817d0607fe21b3329a8621e01aedf512c99b7eaa60e363a671ffd378df6649fb48ae42
  languageName: node
  linkType: hard

"color-convert@npm:^2.0.1":
  version: 2.0.1
  resolution: "color-convert@npm:2.0.1"
  dependencies:
    color-name: ~1.1.4
  checksum: 79e6bdb9fd479a205c71d89574fccfb22bd9053bd98c6c4d870d65c132e5e904e6034978e55b43d69fcaa7433af2016ee203ce76eeba9cfa554b373e7f7db336
  languageName: node
  linkType: hard

"color-name@npm:~1.1.4":
  version: 1.1.4
  resolution: "color-name@npm:1.1.4"
  checksum: b0445859521eb4021cd0fb0cc1a75cecf67fceecae89b63f62b201cca8d345baf8b952c966862a9d9a2632987d4f6581f0ec8d957dfacece86f0a7919316f610
  languageName: node
  linkType: hard

"component-bind@npm:1.0.0":
  version: 1.0.0
  resolution: "component-bind@npm:1.0.0"
  checksum: 746c5810b9f8735643840ad04072e1ab817444d44dc1aadc813f1f1a17c47c27616584caa0db93db7e687bfe73b65073d8246c785bcdac80f8f3627d3bb26883
  languageName: node
  linkType: hard

"component-emitter@npm:1.2.1":
  version: 1.2.1
  resolution: "component-emitter@npm:1.2.1"
  checksum: 00599b827635cab65bb20e5e3e2db4cea120b76b6626ce3ac6c85d7f5f39bbadd9fec530da444380035dd1c8ff08f9badca54d40b68feaf74bc64f75d537ef61
  languageName: node
  linkType: hard

"component-inherit@npm:0.0.3":
  version: 0.0.3
  resolution: "component-inherit@npm:0.0.3"
  checksum: 9f5b872a6b3a396cf827d471d07db5626d7918202ab6c1d59f2b849bab18ce4fe61d9b2b7b6ae5cd547b81f27a3de5ae678f438bfe4fadce8f26a1526ba86a74
  languageName: node
  linkType: hard

"content-disposition@npm:0.5.3":
  version: 0.5.3
  resolution: "content-disposition@npm:0.5.3"
  dependencies:
    safe-buffer: 5.1.2
  checksum: 95bf164c0b0b8199d3f44b7631e51b37f683c6a90b9baa4315bd3d405a6d1bc81b7346f0981046aa004331fb3d7a28b629514d01fc209a5251573fc7e4d33380
  languageName: node
  linkType: hard

"content-type@npm:~1.0.4":
  version: 1.0.4
  resolution: "content-type@npm:1.0.4"
  checksum: 3d93585fda985d1554eca5ebd251994327608d2e200978fdbfba21c0c679914d5faf266d17027de44b34a72c7b0745b18584ecccaa7e1fdfb6a68ac7114f12e0
  languageName: node
  linkType: hard

"cookie-signature@npm:1.0.6":
  version: 1.0.6
  resolution: "cookie-signature@npm:1.0.6"
  checksum: f4e1b0a98a27a0e6e66fd7ea4e4e9d8e038f624058371bf4499cfcd8f3980be9a121486995202ba3fca74fbed93a407d6d54d43a43f96fd28d0bd7a06761591a
  languageName: node
  linkType: hard

"cookie@npm:0.3.1":
  version: 0.3.1
  resolution: "cookie@npm:0.3.1"
  checksum: 5309937344947a049283573861c24bed054fac3334ce5a0fa74b9bc6bf39bd387d3a0fca7f3ed6f4a09f112de82c00b541a0e7d6ce7a8de0f5d1301eec799730
  languageName: node
  linkType: hard

"cookie@npm:0.4.0":
  version: 0.4.0
  resolution: "cookie@npm:0.4.0"
  checksum: 760384ba0aef329c52523747e36a452b5e51bc49b34160363a6934e7b7df3f93fcc88b35e33450361535d40a92a96412da870e1816aba9aa6cc556a9fedd8492
  languageName: node
  linkType: hard

"debug@npm:2.6.9":
  version: 2.6.9
  resolution: "debug@npm:2.6.9"
  dependencies:
    ms: 2.0.0
  checksum: d2f51589ca66df60bf36e1fa6e4386b318c3f1e06772280eea5b1ae9fd3d05e9c2b7fd8a7d862457d00853c75b00451aa2d7459b924629ee385287a650f58fe6
  languageName: node
  linkType: hard

"debug@npm:~3.1.0":
  version: 3.1.0
  resolution: "debug@npm:3.1.0"
  dependencies:
    ms: 2.0.0
  checksum: 0b52718ab957254a5b3ca07fc34543bc778f358620c206a08452251eb7fc193c3ea3505072acbf4350219c14e2d71ceb7bdaa0d3370aa630b50da790458d08b3
  languageName: node
  linkType: hard

"debug@npm:~4.1.0":
  version: 4.1.1
  resolution: "debug@npm:4.1.1"
  dependencies:
    ms: ^2.1.1
  checksum: 1e681f5cce94ba10f8dde74b20b42e4d8cf0d2a6700f4c165bb3bb6885565ef5ca5885bf07e704974a835f2415ff095a63164f539988a1f07e8a69fe8b1d65ad
  languageName: node
  linkType: hard

"decamelize@npm:^1.2.0":
  version: 1.2.0
  resolution: "decamelize@npm:1.2.0"
  checksum: ad8c51a7e7e0720c70ec2eeb1163b66da03e7616d7b98c9ef43cce2416395e84c1e9548dd94f5f6ffecfee9f8b94251fc57121a8b021f2ff2469b2bae247b8aa
  languageName: node
  linkType: hard

"depd@npm:~1.1.2":
  version: 1.1.2
  resolution: "depd@npm:1.1.2"
  checksum: 6b406620d269619852885ce15965272b829df6f409724415e0002c8632ab6a8c0a08ec1f0bd2add05dc7bd7507606f7e2cc034fa24224ab829580040b835ecd9
  languageName: node
  linkType: hard

"destroy@npm:~1.0.4":
  version: 1.0.4
  resolution: "destroy@npm:1.0.4"
  checksum: da9ab4961dc61677c709da0c25ef01733042614453924d65636a7db37308fef8a24cd1e07172e61173d471ca175371295fbc984b0af5b2b4ff47cd57bd784c03
  languageName: node
  linkType: hard

"ee-first@npm:1.1.1":
  version: 1.1.1
  resolution: "ee-first@npm:1.1.1"
  checksum: 1b4cac778d64ce3b582a7e26b218afe07e207a0f9bfe13cc7395a6d307849cfe361e65033c3251e00c27dd060cab43014c2d6b2647676135e18b77d2d05b3f4f
  languageName: node
  linkType: hard

"emoji-regex@npm:^8.0.0":
  version: 8.0.0
  resolution: "emoji-regex@npm:8.0.0"
  checksum: d4c5c39d5a9868b5fa152f00cada8a936868fd3367f33f71be515ecee4c803132d11b31a6222b2571b1e5f7e13890156a94880345594d0ce7e3c9895f560f192
  languageName: node
  linkType: hard

"encodeurl@npm:~1.0.2":
  version: 1.0.2
  resolution: "encodeurl@npm:1.0.2"
  checksum: e50e3d508cdd9c4565ba72d2012e65038e5d71bdc9198cb125beb6237b5b1ade6c0d343998da9e170fb2eae52c1bed37d4d6d98a46ea423a0cddbed5ac3f780c
  languageName: node
  linkType: hard

"engine.io-client@npm:~3.4.0":
  version: 3.4.0
  resolution: "engine.io-client@npm:3.4.0"
  dependencies:
    component-emitter: 1.2.1
    component-inherit: 0.0.3
    debug: ~4.1.0
    engine.io-parser: ~2.2.0
    has-cors: 1.1.0
    indexof: 0.0.1
    parseqs: 0.0.5
    parseuri: 0.0.5
    ws: ~6.1.0
    xmlhttprequest-ssl: ~1.5.4
    yeast: 0.1.2
  checksum: 38a894b919a768b39fb1ce7b30db01eebd8494da0945d10af52c5780afe8126736933ac6879b9f3fbe4643993e6dab61d14f9a1fdcc53ddedb55d4e674efd912
  languageName: node
  linkType: hard

"engine.io-parser@npm:~2.2.0":
  version: 2.2.0
  resolution: "engine.io-parser@npm:2.2.0"
  dependencies:
    after: 0.8.2
    arraybuffer.slice: ~0.0.7
    base64-arraybuffer: 0.1.5
    blob: 0.0.5
    has-binary2: ~1.0.2
  checksum: 7259022b61fe46169d67f694873c8cc59e52d25d37fe761b2040cf547e4fde73962a34d95a53cf6870337983be6621f4450987d6a13688f9be2dea8bde68b1ea
  languageName: node
  linkType: hard

"engine.io@npm:~3.4.0":
  version: 3.4.0
  resolution: "engine.io@npm:3.4.0"
  dependencies:
    accepts: ~1.3.4
    base64id: 2.0.0
    cookie: 0.3.1
    debug: ~4.1.0
    engine.io-parser: ~2.2.0
    ws: ^7.1.2
  checksum: e3e767a9d9974ea17d3976f1eed171d1b9c9488c322bd52f17b7db0a713350311c43f36c2b510e8f8a02f213156c47819747768b5f18e402adae5749d5d86181
  languageName: node
  linkType: hard

"escape-html@npm:~1.0.3":
  version: 1.0.3
  resolution: "escape-html@npm:1.0.3"
  checksum: 6213ca9ae00d0ab8bccb6d8d4e0a98e76237b2410302cf7df70aaa6591d509a2a37ce8998008cbecae8fc8ffaadf3fb0229535e6a145f3ce0b211d060decbb24
  languageName: node
  linkType: hard

"etag@npm:~1.8.1":
  version: 1.8.1
  resolution: "etag@npm:1.8.1"
  checksum: 571aeb3dbe0f2bbd4e4fadbdb44f325fc75335cd5f6f6b6a091e6a06a9f25ed5392f0863c5442acb0646787446e816f13cbfc6edce5b07658541dff573cab1ff
  languageName: node
  linkType: hard

"express@npm:^4.17.1":
  version: 4.17.1
  resolution: "express@npm:4.17.1"
  dependencies:
    accepts: ~1.3.7
    array-flatten: 1.1.1
    body-parser: 1.19.0
    content-disposition: 0.5.3
    content-type: ~1.0.4
    cookie: 0.4.0
    cookie-signature: 1.0.6
    debug: 2.6.9
    depd: ~1.1.2
    encodeurl: ~1.0.2
    escape-html: ~1.0.3
    etag: ~1.8.1
    finalhandler: ~1.1.2
    fresh: 0.5.2
    merge-descriptors: 1.0.1
    methods: ~1.1.2
    on-finished: ~2.3.0
    parseurl: ~1.3.3
    path-to-regexp: 0.1.7
    proxy-addr: ~2.0.5
    qs: 6.7.0
    range-parser: ~1.2.1
    safe-buffer: 5.1.2
    send: 0.17.1
    serve-static: 1.14.1
    setprototypeof: 1.1.1
    statuses: ~1.5.0
    type-is: ~1.6.18
    utils-merge: 1.0.1
    vary: ~1.1.2
  checksum: d964e9e17af331ea6fa2f84999b063bc47189dd71b4a735df83f9126d3bb2b92e830f1cb1d7c2742530eb625e2689d7a9a9c71f0c3cc4dd6015c3cd32a01abd5
  languageName: node
  linkType: hard

"finalhandler@npm:~1.1.2":
  version: 1.1.2
  resolution: "finalhandler@npm:1.1.2"
  dependencies:
    debug: 2.6.9
    encodeurl: ~1.0.2
    escape-html: ~1.0.3
    on-finished: ~2.3.0
    parseurl: ~1.3.3
    statuses: ~1.5.0
    unpipe: ~1.0.0
  checksum: 617880460c5138dd7ccfd555cb5dde4d8f170f4b31b8bd51e4b646bb2946c30f7db716428a1f2882d730d2b72afb47d1f67cc487b874cb15426f95753a88965e
  languageName: node
  linkType: hard

"find-up@npm:^4.1.0":
  version: 4.1.0
  resolution: "find-up@npm:4.1.0"
  dependencies:
    locate-path: ^5.0.0
    path-exists: ^4.0.0
  checksum: 4c172680e8f8c1f78839486e14a43ef82e9decd0e74145f40707cc42e7420506d5ec92d9a11c22bd2c48fb0c384ea05dd30e10dd152fefeec6f2f75282a8b844
  languageName: node
  linkType: hard

"forwarded@npm:~0.1.2":
  version: 0.1.2
  resolution: "forwarded@npm:0.1.2"
  checksum: 54695c574292f9bc6bfa52111844337bc2e61cfcc5ec82f16b816d721a67a0c76b4849a34b57e38e51d64ddbb81aef974f393579f610ed1b990470e75abad2e0
  languageName: node
  linkType: hard

"fresh@npm:0.5.2":
  version: 0.5.2
  resolution: "fresh@npm:0.5.2"
  checksum: 13ea8b08f91e669a64e3ba3a20eb79d7ca5379a81f1ff7f4310d54e2320645503cc0c78daedc93dfb6191287295f6479544a649c64d8e41a1c0fb0c221552346
  languageName: node
  linkType: hard

"get-caller-file@npm:^2.0.1":
  version: 2.0.5
  resolution: "get-caller-file@npm:2.0.5"
  checksum: b9769a836d2a98c3ee734a88ba712e62703f1df31b94b784762c433c27a386dd6029ff55c2a920c392e33657d80191edbf18c61487e198844844516f843496b9
  languageName: node
  linkType: hard

"has-binary2@npm:~1.0.2":
  version: 1.0.3
  resolution: "has-binary2@npm:1.0.3"
  dependencies:
    isarray: 2.0.1
  checksum: 9183a617830b1f50b35961fbe39278cc43089cdac7c47a7f16aafb9d8190553fa360e5da34a479d6c988db40ea10aa02bca5abcb2451b5fc3924ae2f013ffdab
  languageName: node
  linkType: hard

"has-cors@npm:1.1.0":
  version: 1.1.0
  resolution: "has-cors@npm:1.1.0"
  checksum: 549ce94113fd23895b22d71ade9809918577b8558cd4d701fe79045d8b1d58d87eba870260b28f6a3229be933a691c55653afd496d0fc52e98fd2ff577f01197
  languageName: node
  linkType: hard

"http-errors@npm:1.7.2":
  version: 1.7.2
  resolution: "http-errors@npm:1.7.2"
  dependencies:
    depd: ~1.1.2
    inherits: 2.0.3
    setprototypeof: 1.1.1
    statuses: ">= 1.5.0 < 2"
    toidentifier: 1.0.0
  checksum: 5534b0ae08e77f5a45a2380f500e781f6580c4ff75b816cb1f09f99a290b57e78a518be6d866db1b48cca6b052c09da2c75fc91fb16a2fe3da3c44d9acbb9972
  languageName: node
  linkType: hard

"http-errors@npm:~1.7.2":
  version: 1.7.3
  resolution: "http-errors@npm:1.7.3"
  dependencies:
    depd: ~1.1.2
    inherits: 2.0.4
    setprototypeof: 1.1.1
    statuses: ">= 1.5.0 < 2"
    toidentifier: 1.0.0
  checksum: a59f359473f4b3ea78305beee90d186268d6075432622a46fb7483059068a2dd4c854a20ac8cd438883127e06afb78c1309168bde6cdfeed1e3700eb42487d99
  languageName: node
  linkType: hard

"iconv-lite@npm:0.4.24":
  version: 0.4.24
  resolution: "iconv-lite@npm:0.4.24"
  dependencies:
    safer-buffer: ">= 2.1.2 < 3"
  checksum: bd9f120f5a5b306f0bc0b9ae1edeb1577161503f5f8252a20f1a9e56ef8775c9959fd01c55f2d3a39d9a8abaf3e30c1abeb1895f367dcbbe0a8fd1c9ca01c4f6
  languageName: node
  linkType: hard

"indexof@npm:0.0.1":
  version: 0.0.1
  resolution: "indexof@npm:0.0.1"
  checksum: 0fb04e8b147b8585d981a6df1564f25bb3678d6fa74e33e5cecc1464b10f78e15e8ef6bb688f135fe5c2844a128fac8a7831cbe5adc81fdcf12681b093dfcc25
  languageName: node
  linkType: hard

"inherits@npm:2.0.3":
  version: 2.0.3
  resolution: "inherits@npm:2.0.3"
  checksum: 78cb8d7d850d20a5e9a7f3620db31483aa00ad5f722ce03a55b110e5a723539b3716a3b463e2b96ce3fe286f33afc7c131fa2f91407528ba80cea98a7545d4c0
  languageName: node
  linkType: hard

"inherits@npm:2.0.4":
  version: 2.0.4
  resolution: "inherits@npm:2.0.4"
  checksum: 4a48a733847879d6cf6691860a6b1e3f0f4754176e4d71494c41f3475553768b10f84b5ce1d40fbd0e34e6bfbb864ee35858ad4dd2cf31e02fc4a154b724d7f1
  languageName: node
  linkType: hard

"ipaddr.js@npm:1.9.0":
  version: 1.9.0
  resolution: "ipaddr.js@npm:1.9.0"
  checksum: 56254f753959132884d74355fc45fda74f120283695c831a07bfac3368965bc9452cbdb80d5e38a6211de4e98a32ddbcd2e640137eb3f79a251c5c725a9efbd6
  languageName: node
  linkType: hard

"is-fullwidth-code-point@npm:^3.0.0":
  version: 3.0.0
  resolution: "is-fullwidth-code-point@npm:3.0.0"
  checksum: 44a30c29457c7fb8f00297bce733f0a64cd22eca270f83e58c105e0d015e45c019491a4ab2faef91ab51d4738c670daff901c799f6a700e27f7314029e99e348
  languageName: node
  linkType: hard

"isarray@npm:2.0.1":
  version: 2.0.1
  resolution: "isarray@npm:2.0.1"
  checksum: a0521973213019b82889f028a41528ce7a3f103a710357b6875066202ee5a1fa9ae4135f915f3be9160b8c7a3ae4b39b073b804da3b58fa6b72f8b4b1e3dfef5
  languageName: node
  linkType: hard

"locate-path@npm:^5.0.0":
  version: 5.0.0
  resolution: "locate-path@npm:5.0.0"
  dependencies:
    p-locate: ^4.1.0
  checksum: 83e51725e67517287d73e1ded92b28602e3ae5580b301fe54bfb76c0c723e3f285b19252e375712316774cf52006cb236aed5704692c32db0d5d089b69696e30
  languageName: node
  linkType: hard

"media-typer@npm:0.3.0":
  version: 0.3.0
  resolution: "media-typer@npm:0.3.0"
  checksum: af1b38516c28ec95d6b0826f6c8f276c58aec391f76be42aa07646b4e39d317723e869700933ca6995b056db4b09a78c92d5440dc23657e6764be5d28874bba1
  languageName: node
  linkType: hard

"merge-descriptors@npm:1.0.1":
  version: 1.0.1
  resolution: "merge-descriptors@npm:1.0.1"
  checksum: 5abc259d2ae25bb06d19ce2b94a21632583c74e2a9109ee1ba7fd147aa7362b380d971e0251069f8b3eb7d48c21ac839e21fa177b335e82c76ec172e30c31a26
  languageName: node
  linkType: hard

"methods@npm:~1.1.2":
  version: 1.1.2
  resolution: "methods@npm:1.1.2"
  checksum: 0917ff4041fa8e2f2fda5425a955fe16ca411591fbd123c0d722fcf02b73971ed6f764d85f0a6f547ce49ee0221ce2c19a5fa692157931cecb422984f1dcd13a
  languageName: node
  linkType: hard

"mime-db@npm:1.42.0":
  version: 1.42.0
  resolution: "mime-db@npm:1.42.0"
  checksum: b563c0f4af608ef26f6579648914f69fa6a94c68cccaeeafdc6f64dbddde09254e0e24c727ac68ffe38ad84d2d254014b2f0029d0ad99332d821062fa35e70c0
  languageName: node
  linkType: hard

"mime-types@npm:~2.1.24":
  version: 2.1.25
  resolution: "mime-types@npm:2.1.25"
  dependencies:
    mime-db: 1.42.0
  checksum: 5bcb035ef08da86c1569ce01394a6be30e876a99d336479b453f23a38e602ee09817583b8c6d29d5763cce3eccc3885a51344aeef93209edf35a13b8e1eceb28
  languageName: node
  linkType: hard

"mime@npm:1.6.0":
  version: 1.6.0
  resolution: "mime@npm:1.6.0"
  bin:
    mime: cli.js
  checksum: fef25e39263e6d207580bdc629f8872a3f9772c923c7f8c7e793175cee22777bbe8bba95e5d509a40aaa292d8974514ce634ae35769faa45f22d17edda5e8557
  languageName: node
  linkType: hard

"ms@npm:2.0.0":
  version: 2.0.0
  resolution: "ms@npm:2.0.0"
  checksum: 0e6a22b8b746d2e0b65a430519934fefd41b6db0682e3477c10f60c76e947c4c0ad06f63ffdf1d78d335f83edee8c0aa928aa66a36c7cd95b69b26f468d527f4
  languageName: node
  linkType: hard

"ms@npm:2.1.1":
  version: 2.1.1
  resolution: "ms@npm:2.1.1"
  checksum: 0078a23cd916a9a7435c413caa14c57d4b4f6e2470e0ab554b6964163c8a4436448ac7ae020e883685475da6b6796cc396b670f579cb275db288a21e3e57721e
  languageName: node
  linkType: hard

"ms@npm:^2.1.1":
  version: 2.1.2
  resolution: "ms@npm:2.1.2"
  checksum: 673cdb2c3133eb050c745908d8ce632ed2c02d85640e2edb3ace856a2266a813b30c613569bf3354fdf4ea7d1a1494add3bfa95e2713baa27d0c2c71fc44f58f
  languageName: node
  linkType: hard

"negotiator@npm:0.6.2":
  version: 0.6.2
  resolution: "negotiator@npm:0.6.2"
  checksum: dfddaff6c06792f1c4c3809e29a427b8daef8cd437c83b08dd51d7ee11bbd1c29d9512d66b801144d6c98e910ffd8723f2432e0cbf8b18d41d2a09599c975ab3
  languageName: node
  linkType: hard

"object-component@npm:0.0.3":
  version: 0.0.3
  resolution: "object-component@npm:0.0.3"
  checksum: c51f11e47f1c9ddc82db15f2cc32dbeaa7f08c608234644f011febc1772f5587594308e25261ab43d69f04efb4516c88b50684634f3ae7ba7e5f640da162d4a3
  languageName: node
  linkType: hard

"on-finished@npm:~2.3.0":
  version: 2.3.0
  resolution: "on-finished@npm:2.3.0"
  dependencies:
    ee-first: 1.1.1
  checksum: 1db595bd963b0124d6fa261d18320422407b8f01dc65863840f3ddaaf7bcad5b28ff6847286703ca53f4ec19595bd67a2f1253db79fc4094911ec6aa8df1671b
  languageName: node
  linkType: hard

"p-limit@npm:^2.2.0":
  version: 2.2.2
  resolution: "p-limit@npm:2.2.2"
  dependencies:
    p-try: ^2.0.0
  checksum: 20c395084f4bbcb6330c21ed5408a482c7e03bb68fbf9d4667fb0f49de944a7474f788b214ca087090868dfce3f3fff4a4830b0951c8a979469786635b172fb2
  languageName: node
  linkType: hard

"p-locate@npm:^4.1.0":
  version: 4.1.0
  resolution: "p-locate@npm:4.1.0"
  dependencies:
    p-limit: ^2.2.0
  checksum: 513bd14a455f5da4ebfcb819ef706c54adb09097703de6aeaa5d26fe5ea16df92b48d1ac45e01e3944ce1e6aa2a66f7f8894742b8c9d6e276e16cd2049a2b870
  languageName: node
  linkType: hard

"p-try@npm:^2.0.0":
  version: 2.2.0
  resolution: "p-try@npm:2.2.0"
  checksum: f8a8e9a7693659383f06aec604ad5ead237c7a261c18048a6e1b5b85a5f8a067e469aa24f5bc009b991ea3b058a87f5065ef4176793a200d4917349881216cae
  languageName: node
  linkType: hard

"parseqs@npm:0.0.5":
  version: 0.0.5
  resolution: "parseqs@npm:0.0.5"
  dependencies:
    better-assert: ~1.0.0
  checksum: 67b37625bc81d1264460f57d1f368c40a3bf638b4c0a309403493bd3f2ae3fcb0e7d2a7922d1ba32f8fcfda712d070fd2d3df2d1ca067c5ea73b18546ecbea0b
  languageName: node
  linkType: hard

"parseuri@npm:0.0.5":
  version: 0.0.5
  resolution: "parseuri@npm:0.0.5"
  dependencies:
    better-assert: ~1.0.0
  checksum: fadf0a64b6dce2074b889f3757523895c033d3d6081395fa833556668e5e845bb194af9317420fffdca3d3da8df1bcb750688080480ab4ba0f5941c55facffd9
  languageName: node
  linkType: hard

"parseurl@npm:~1.3.3":
  version: 1.3.3
  resolution: "parseurl@npm:1.3.3"
  checksum: 407cee8e0a3a4c5cd472559bca8b6a45b82c124e9a4703302326e9ab60fc1081442ada4e02628efef1eb16197ddc7f8822f5a91fd7d7c86b51f530aedb17dfa2
  languageName: node
  linkType: hard

"path-exists@npm:^4.0.0":
  version: 4.0.0
  resolution: "path-exists@npm:4.0.0"
  checksum: 505807199dfb7c50737b057dd8d351b82c033029ab94cb10a657609e00c1bc53b951cfdbccab8de04c5584d5eff31128ce6afd3db79281874a5ef2adbba55ed1
  languageName: node
  linkType: hard

"path-to-regexp@npm:0.1.7":
  version: 0.1.7
  resolution: "path-to-regexp@npm:0.1.7"
  checksum: 69a14ea24db543e8b0f4353305c5eac6907917031340e5a8b37df688e52accd09e3cebfe1660b70d76b6bd89152f52183f28c74813dbf454ba1a01c82a38abce
  languageName: node
  linkType: hard

"proxy-addr@npm:~2.0.5":
  version: 2.0.5
  resolution: "proxy-addr@npm:2.0.5"
  dependencies:
    forwarded: ~0.1.2
    ipaddr.js: 1.9.0
  checksum: 463ec49bbe9833480c4e50cad7ebad9982db94982a27582412224e405854202f1559b748f6cd0b77576e0b7c8bd27e3bbfad99a615b71f3e218c587827a0adef
  languageName: node
  linkType: hard

"qs@npm:6.7.0":
  version: 6.7.0
  resolution: "qs@npm:6.7.0"
  checksum: dfd5f6adef50e36e908cfa70a6233871b5afe66fbaca37ecc1da352ba29eb2151a3797991948f158bb37fccde51bd57845cb619a8035287bfc24e4591172c347
  languageName: node
  linkType: hard

"range-parser@npm:~1.2.1":
  version: 1.2.1
  resolution: "range-parser@npm:1.2.1"
  checksum: 0a268d4fea508661cf5743dfe3d5f47ce214fd6b7dec1de0da4d669dd4ef3d2144468ebe4179049eff253d9d27e719c88dae55be64f954e80135a0cada804ec9
  languageName: node
  linkType: hard

"raw-body@npm:2.4.0":
  version: 2.4.0
  resolution: "raw-body@npm:2.4.0"
  dependencies:
    bytes: 3.1.0
    http-errors: 1.7.2
    iconv-lite: 0.4.24
    unpipe: 1.0.0
  checksum: 6343906939e018c6e633a34a938a5d6d1e93ffcfa48646e00207d53b418e941953b521473950c079347220944dc75ba10e7b3c08bf97e3ac72c7624882db09bb
  languageName: node
  linkType: hard

"require-directory@npm:^2.1.1":
  version: 2.1.1
  resolution: "require-directory@npm:2.1.1"
  checksum: fb47e70bf0001fdeabdc0429d431863e9475e7e43ea5f94ad86503d918423c1543361cc5166d713eaa7029dd7a3d34775af04764bebff99ef413111a5af18c80
  languageName: node
  linkType: hard

"require-main-filename@npm:^2.0.0":
  version: 2.0.0
  resolution: "require-main-filename@npm:2.0.0"
  checksum: e9e294695fea08b076457e9ddff854e81bffbe248ed34c1eec348b7abbd22a0d02e8d75506559e2265e96978f3c4720bd77a6dad84755de8162b357eb6c778c7
  languageName: node
  linkType: hard

"safe-buffer@npm:5.1.2":
  version: 5.1.2
  resolution: "safe-buffer@npm:5.1.2"
  checksum: f2f1f7943ca44a594893a852894055cf619c1fbcb611237fc39e461ae751187e7baf4dc391a72125e0ac4fb2d8c5c0b3c71529622e6a58f46b960211e704903c
  languageName: node
  linkType: hard

"safer-buffer@npm:>= 2.1.2 < 3":
  version: 2.1.2
  resolution: "safer-buffer@npm:2.1.2"
  checksum: cab8f25ae6f1434abee8d80023d7e72b598cf1327164ddab31003c51215526801e40b66c5e65d658a0af1e9d6478cadcb4c745f4bd6751f97d8644786c0978b0
  languageName: node
  linkType: hard

"send@npm:0.17.1":
  version: 0.17.1
  resolution: "send@npm:0.17.1"
  dependencies:
    debug: 2.6.9
    depd: ~1.1.2
    destroy: ~1.0.4
    encodeurl: ~1.0.2
    escape-html: ~1.0.3
    etag: ~1.8.1
    fresh: 0.5.2
    http-errors: ~1.7.2
    mime: 1.6.0
    ms: 2.1.1
    on-finished: ~2.3.0
    range-parser: ~1.2.1
    statuses: ~1.5.0
  checksum: d214c2fa42e7fae3f8fc1aa3931eeb3e6b78c2cf141574e09dbe159915c1e3a337269fc6b7512e7dfddcd7d6ff5974cb62f7c3637ba86a55bde20a92c18bdca0
  languageName: node
  linkType: hard

"serve-static@npm:1.14.1":
  version: 1.14.1
  resolution: "serve-static@npm:1.14.1"
  dependencies:
    encodeurl: ~1.0.2
    escape-html: ~1.0.3
    parseurl: ~1.3.3
    send: 0.17.1
  checksum: c6b268e8486d39ecd54b86c7f2d0ee4a38cd7514ddd9c92c8d5793bb005afde5e908b12395898ae206782306ccc848193d93daa15b86afb3cbe5a8414806abe8
  languageName: node
  linkType: hard

"set-blocking@npm:^2.0.0":
  version: 2.0.0
  resolution: "set-blocking@npm:2.0.0"
  checksum: 6e65a05f7cf7ebdf8b7c75b101e18c0b7e3dff4940d480efed8aad3a36a4005140b660fa1d804cb8bce911cac290441dc728084a30504d3516ac2ff7ad607b02
  languageName: node
  linkType: hard

"setprototypeof@npm:1.1.1":
  version: 1.1.1
  resolution: "setprototypeof@npm:1.1.1"
  checksum: a8bee29c1c64c245d460ce53f7460af8cbd0aceac68d66e5215153992cc8b3a7a123416353e0c642060e85cc5fd4241c92d1190eec97eda0dcb97436e8fcca3b
  languageName: node
  linkType: hard

"socket.io-adapter@npm:~1.1.0":
  version: 1.1.2
  resolution: "socket.io-adapter@npm:1.1.2"
  checksum: 8e18df7f8c471001b65e43542c5c743b63f041781bca097b4a407dd199dd757c14c0d470992f84923f48e75729a2ac0ae634fec820f20881cadae8a495bf68e9
  languageName: node
  linkType: hard

"socket.io-client@npm:2.3.0":
  version: 2.3.0
  resolution: "socket.io-client@npm:2.3.0"
  dependencies:
    backo2: 1.0.2
    base64-arraybuffer: 0.1.5
    component-bind: 1.0.0
    component-emitter: 1.2.1
    debug: ~4.1.0
    engine.io-client: ~3.4.0
    has-binary2: ~1.0.2
    has-cors: 1.1.0
    indexof: 0.0.1
    object-component: 0.0.3
    parseqs: 0.0.5
    parseuri: 0.0.5
    socket.io-parser: ~3.3.0
    to-array: 0.1.4
  checksum: caf0b9fbc5c5c8f0b669b374080a5f145a6a9f21ababb96670fa96b36cf4b9b003e6f924c6a3eac81a1ee3cb37dca1e3d7518fb3df0963aeb8248df55130a080
  languageName: node
  linkType: hard

"socket.io-parser@npm:~3.3.0":
  version: 3.3.0
  resolution: "socket.io-parser@npm:3.3.0"
  dependencies:
    component-emitter: 1.2.1
    debug: ~3.1.0
    isarray: 2.0.1
  checksum: a12de7443d9f7d84619cdd092c61844e571cc8c4bfab368a916c0db598cc07554f8e74c0e77aa82a98eecf312a51180439e6673c010f9bddbe2ce075515c77cb
  languageName: node
  linkType: hard

"socket.io-parser@npm:~3.4.0":
  version: 3.4.0
  resolution: "socket.io-parser@npm:3.4.0"
  dependencies:
    component-emitter: 1.2.1
    debug: ~4.1.0
    isarray: 2.0.1
  checksum: 06e0a452066ae37a7c130cb07c141cc9c04b5996345f243c27b64708511e09873e62edd680905e15800927906aad972f8fd1cfbed54a2ceab3472403d4695596
  languageName: node
  linkType: hard

"socket.io@npm:^2.3.0":
  version: 2.3.0
  resolution: "socket.io@npm:2.3.0"
  dependencies:
    debug: ~4.1.0
    engine.io: ~3.4.0
    has-binary2: ~1.0.2
    socket.io-adapter: ~1.1.0
    socket.io-client: 2.3.0
    socket.io-parser: ~3.4.0
  checksum: 43cac1432015ffb045cc8b921973c103a506a6629ecef8c4c6ef98a6e429b89f6e5117d1589063d0fd08601f1279c3fc73b76dd4aebdd4bb115571792b102c39
  languageName: node
  linkType: hard

"statuses@npm:>= 1.5.0 < 2, statuses@npm:~1.5.0":
  version: 1.5.0
  resolution: "statuses@npm:1.5.0"
  checksum: c469b9519de16a4bb19600205cffb39ee471a5f17b82589757ca7bd40a8d92ebb6ed9f98b5a540c5d302ccbc78f15dc03cc0280dd6e00df1335568a5d5758a5c
  languageName: node
  linkType: hard

"string-width@npm:^4.1.0, string-width@npm:^4.2.0":
  version: 4.2.0
  resolution: "string-width@npm:4.2.0"
  dependencies:
    emoji-regex: ^8.0.0
    is-fullwidth-code-point: ^3.0.0
    strip-ansi: ^6.0.0
  checksum: ee2c68df9a3ce4256565d2bdc8490f5706f195f88e799d3d425889264d3eff3d7984fe8b38dfc983dac948e03d8cdc737294b1c81f1528c37c9935d86b67593d
  languageName: node
  linkType: hard

"strip-ansi@npm:^6.0.0":
  version: 6.0.0
  resolution: "strip-ansi@npm:6.0.0"
  dependencies:
    ansi-regex: ^5.0.0
  checksum: 04c3239ede44c4d195b0e66c0ad58b932f08bec7d05290416d361ff908ad282ecdaf5d9731e322c84f151d427436bde01f05b7422c3ec26dd927586736b0e5d0
  languageName: node
  linkType: hard

"to-array@npm:0.1.4":
  version: 0.1.4
  resolution: "to-array@npm:0.1.4"
  checksum: 396a04df5a5e74df5c8891ebb819d575d626e2929312fec3d649b4d38203bbf7185c270cb31fcad903564743895e935f2e965770bd1c6eb137dde48c4d60788d
  languageName: node
  linkType: hard

"toidentifier@npm:1.0.0":
  version: 1.0.0
  resolution: "toidentifier@npm:1.0.0"
  checksum: 199e6bfca1531d49b3506cff02353d53ec987c9ee10ee272ca6484ed97f1fc10fb77c6c009079ca16d5c5be4a10378178c3cacdb41ce9ec954c3297c74c6053e
  languageName: node
  linkType: hard

"type-is@npm:~1.6.17, type-is@npm:~1.6.18":
  version: 1.6.18
  resolution: "type-is@npm:1.6.18"
  dependencies:
    media-typer: 0.3.0
    mime-types: ~2.1.24
  checksum: 2c8e47675d55f8b4e404bcf529abdf5036c537a04c2b20177bcf78c9e3c1da69da3942b1346e6edb09e823228c0ee656ef0e033765ec39a70d496ef601a0c657
  languageName: node
  linkType: hard

"unpipe@npm:1.0.0, unpipe@npm:~1.0.0":
  version: 1.0.0
  resolution: "unpipe@npm:1.0.0"
  checksum: 4fa18d8d8d977c55cb09715385c203197105e10a6d220087ec819f50cb68870f02942244f1017565484237f1f8c5d3cd413631b1ae104d3096f24fdfde1b4aa2
  languageName: node
  linkType: hard

"utils-merge@npm:1.0.1":
  version: 1.0.1
  resolution: "utils-merge@npm:1.0.1"
  checksum: c81095493225ecfc28add49c106ca4f09cdf56bc66731aa8dabc2edbbccb1e1bfe2de6a115e5c6a380d3ea166d1636410b62ef216bb07b3feb1cfde1d95d5080
  languageName: node
  linkType: hard

"vary@npm:~1.1.2":
  version: 1.1.2
  resolution: "vary@npm:1.1.2"
  checksum: ae0123222c6df65b437669d63dfa8c36cee20a504101b2fcd97b8bf76f91259c17f9f2b4d70a1e3c6bbcee7f51b28392833adb6b2770b23b01abec84e369660b
  languageName: node
  linkType: hard

"which-module@npm:^2.0.0":
  version: 2.0.0
  resolution: "which-module@npm:2.0.0"
  checksum: 809f7fd3dfcb2cdbe0180b60d68100c88785084f8f9492b0998c051d7a8efe56784492609d3f09ac161635b78ea29219eb1418a98c15ce87d085bce905705c9c
  languageName: node
  linkType: hard

"wrap-ansi@npm:^6.2.0":
  version: 6.2.0
  resolution: "wrap-ansi@npm:6.2.0"
  dependencies:
    ansi-styles: ^4.0.0
    string-width: ^4.1.0
    strip-ansi: ^6.0.0
  checksum: 6cd96a410161ff617b63581a08376f0cb9162375adeb7956e10c8cd397821f7eb2a6de24eb22a0b28401300bf228c86e50617cd568209b5f6775b93c97d2fe3a
  languageName: node
  linkType: hard

"ws@npm:^7.1.2":
  version: 7.2.1
  resolution: "ws@npm:7.2.1"
  peerDependencies:
    bufferutil: ^4.0.1
    utf-8-validate: ^5.0.2
  peerDependenciesMeta:
    bufferutil:
      optional: true
    utf-8-validate:
      optional: true
  checksum: 3086c553fcaa01a2ec9cfc3ffa8edeb77c3f808389cb454f5e4b00b17c62251792198408054c08c9d965b3aab02ce85b2a0b760d74efbbf85281dbef4f1e59fa
  languageName: node
  linkType: hard

"ws@npm:~6.1.0":
  version: 6.1.4
  resolution: "ws@npm:6.1.4"
  dependencies:
    async-limiter: ~1.0.0
  checksum: bbe547ab976a9de98dacfae2e3527f12ca961b6f4b8dba331eaaf3f908625275b5d7e70e300def9a2a8d937c09b7e066a8d4a6e08c1325f668f3b82e22f1e9b9
  languageName: node
  linkType: hard

"xmlhttprequest-ssl@npm:~1.5.4":
  version: 1.5.5
  resolution: "xmlhttprequest-ssl@npm:1.5.5"
  checksum: 36a27087dd846d2e7130611e8e419c8cb3461aa97f685c77b10f5a9f335c5079ea0ca192ebb89c58448103e332d7b50d23fbf1f77045353bad4a0db2891a5592
  languageName: node
  linkType: hard

"y18n@npm:^4.0.0":
  version: 4.0.0
  resolution: "y18n@npm:4.0.0"
  checksum: 66e22d38bf994723b625dcc0159f6fd4068c511f8c565df39e8aa53426f5f31e4a9664a8d7099fbde2c22a1c71be2cb60e83f4c2961a5ee48672418d825a7bc2
  languageName: node
  linkType: hard

"yargs-parser@npm:^16.1.0":
  version: 16.1.0
  resolution: "yargs-parser@npm:16.1.0"
  dependencies:
    camelcase: ^5.0.0
    decamelize: ^1.2.0
  checksum: 29d1e380e24616c67b8897c9fc2159b24418b42b6d8f91535cd504f02ba14e49d75dcd45258936f0fda58c449f441362c5bcc22f0f19cbf3a512cc4f346309fe
  languageName: node
  linkType: hard

"yargs@npm:^15.1.0":
  version: 15.1.0
  resolution: "yargs@npm:15.1.0"
  dependencies:
    cliui: ^6.0.0
    decamelize: ^1.2.0
    find-up: ^4.1.0
    get-caller-file: ^2.0.1
    require-directory: ^2.1.1
    require-main-filename: ^2.0.0
    set-blocking: ^2.0.0
    string-width: ^4.2.0
    which-module: ^2.0.0
    y18n: ^4.0.0
    yargs-parser: ^16.1.0
  checksum: 21d1cc2f30f28946bc046fa144622f611228c48550f76ed36338e5173b8007cfc28b229354aa3da3a8948b4728d401c7aa853514fcf1b881527fcff1e8acc4a0
  languageName: node
  linkType: hard

"yeast@npm:0.1.2":
  version: 0.1.2
  resolution: "yeast@npm:0.1.2"
  checksum: 81a250b69f601fed541e9518eb2972e75631dd81231689503d7f288612d4eec793b29c208d6807fd6bfc4c2a43614d0c6db233739a4ae6223e244aaed6a885c0
  languageName: node
  linkType: hard
